
Microsoft Visual Studio Solution File, Format Version 12.00
# Visual Studio Version 16
VisualStudioVersion = 16.0.30717.126
MinimumVisualStudioVersion = 10.0.40219.1
Project("{9A19103F-16F7-4668-BE54-9A1E7A4F7556}") = "MechSuitsApi", "MechSuitsApi\MechSuitsApi.csproj", "{D377F303-605A-456B-9B1E-74CF8BD3AB6B}"
EndProject
Project("{9A19103F-16F7-4668-BE54-9A1E7A4F7556}") = "CoreInfrastructure", "CoreInfrastructure\CoreInfrastructure.csproj", "{0A535F4C-B233-464D-9DF4-8B01977961DD}"
EndProject
Global
	GlobalSection(SolutionConfigurationPlatforms) = preSolution
		Debug|Any CPU = Debug|Any CPU
		Release|Any CPU = Release|Any CPU
	EndGlobalSection
	GlobalSection(ProjectConfigurationPlatforms) = postSolution
		{D377F303-605A-456B-9B1E-74CF8BD3AB6B}.Debug|Any CPU.ActiveCfg = Debug|Any CPU
		{D377F303-605A-456B-9B1E-74CF8BD3AB6B}.Debug|Any CPU.Build.0 = Debug|Any CPU
		{D377F303-605A-456B-9B1E-74CF8BD3AB6B}.Release|Any CPU.ActiveCfg = Release|Any CPU
		{D377F303-605A-456B-9B1E-74CF8BD3AB6B}.Release|Any CPU.Build.0 = Release|Any CPU
		{0A535F4C-B233-464D-9DF4-8B01977961DD}.Debug|Any CPU.ActiveCfg = Debug|Any CPU
		{0A535F4C-B233-464D-9DF4-8B01977961DD}.Debug|Any CPU.Build.0 = Debug|Any CPU
		{0A535F4C-B233-464D-9DF4-8B01977961DD}.Release|Any CPU.ActiveCfg = Release|Any CPU
		{0A535F4C-B233-464D-9DF4-8B01977961DD}.Release|Any CPU.Build.0 = Release|Any CPU
	EndGlobalSection
	GlobalSection(SolutionProperties) = preSolution
		HideSolutionNode = FALSE
	EndGlobalSection
	GlobalSection(ExtensibilityGlobals) = postSolution
		SolutionGuid = {059FE006-8857-44F4-9390-2F12A4AE60C9}
	EndGlobalSection
EndGlobal
